// !$*UTF8*$!
{
	archiveVersion = 1;
	classes = {
	};
	objectVersion = 55;
	objects = {

/* Begin PBXBuildFile section */
		A976C84F2818E5DB0083D8C6 /* VBoardApp.swift in Sources */ = {isa = PBXBuildFile; fileRef = A976C84E2818E5DB0083D8C6 /* VBoardApp.swift */; };
		A976C8512818E5DB0083D8C6 /* ContentView.swift in Sources */ = {isa = PBXBuildFile; fileRef = A976C8502818E5DB0083D8C6 /* ContentView.swift */; };
		A976C8532818E5DC0083D8C6 /* Assets.xcassets in Resources */ = {isa = PBXBuildFile; fileRef = A976C8522818E5DC0083D8C6 /* Assets.xcassets */; };
		A976C8562818E5DC0083D8C6 /* Preview Assets.xcassets in Resources */ = {isa = PBXBuildFile; fileRef = A976C8552818E5DC0083D8C6 /* Preview Assets.xcassets */; };
		A976C8582818E5DC0083D8C6 /* Persistence.swift in Sources */ = {isa = PBXBuildFile; fileRef = A976C8572818E5DC0083D8C6 /* Persistence.swift */; };
		A976C85B2818E5DC0083D8C6 /* VBoard.xcdatamodeld in Sources */ = {isa = PBXBuildFile; fileRef = A976C8592818E5DC0083D8C6 /* VBoard.xcdatamodeld */; };
		A976C8652818E5DC0083D8C6 /* VBoardTests.swift in Sources */ = {isa = PBXBuildFile; fileRef = A976C8642818E5DC0083D8C6 /* VBoardTests.swift */; };
		A976C86F2818E5DC0083D8C6 /* VBoardUITests.swift in Sources */ = {isa = PBXBuildFile; fileRef = A976C86E2818E5DC0083D8C6 /* VBoardUITests.swift */; };
		A976C8712818E5DC0083D8C6 /* VBoardUITestsLaunchTests.swift in Sources */ = {isa = PBXBuildFile; fileRef = A976C8702818E5DC0083D8C6 /* VBoardUITestsLaunchTests.swift */; };
/* End PBXBuildFile section */

/* Begin PBXContainerItemProxy section */
		A976C8612818E5DC0083D8C6 /* PBXContainerItemProxy */ = {
			isa = PBXContainerItemProxy;
			containerPortal = A976C8432818E5DB0083D8C6 /* Project object */;
			proxyType = 1;
			remoteGlobalIDString = A976C84A2818E5DB0083D8C6;
			remoteInfo = VBoard;
		};
		A976C86B2818E5DC0083D8C6 /* PBXContainerItemProxy */ = {
			isa = PBXContainerItemProxy;
			containerPortal = A976C8432818E5DB0083D8C6 /* Project object */;
			proxyType = 1;
			remoteGlobalIDString = A976C84A2818E5DB0083D8C6;
			remoteInfo = VBoard;
		};
/* End PBXContainerItemProxy section */

/* Begin PBXFileReference section */
		A976C84B2818E5DB0083D8C6 /* VBoard.app */ = {isa = PBXFileReference; explicitFileType = wrapper.application; includeInIndex = 0; path = VBoard.app; sourceTree = BUILT_PRODUCTS_DIR; };
		A976C84E2818E5DB0083D8C6 /* VBoardApp.swift */ = {isa = PBXFileReference; lastKnownFileType = sourcecode.swift; path = VBoardApp.swift; sourceTree = "<group>"; };
		A976C8502818E5DB0083D8C6 /* ContentView.swift */ = {isa = PBXFileReference; lastKnownFileType = sourcecode.swift; path = ContentView.swift; sourceTree = "<group>"; };
		A976C8522818E5DC0083D8C6 /* Assets.xcassets */ = {isa = PBXFileReference; lastKnownFileType = folder.assetcatalog; path = Assets.xcassets; sourceTree = "<group>"; };
		A976C8552818E5DC0083D8C6 /* Preview Assets.xcassets */ = {isa = PBXFileReference; lastKnownFileType = folder.assetcatalog; path = "Preview Assets.xcassets"; sourceTree = "<group>"; };
		A976C8572818E5DC0083D8C6 /* Persistence.swift */ = {isa = PBXFileReference; lastKnownFileType = sourcecode.swift; path = Persistence.swift; sourceTree = "<group>"; };
		A976C85A2818E5DC0083D8C6 /* VBoard.xcdatamodel */ = {isa = PBXFileReference; lastKnownFileType = wrapper.xcdatamodel; path = VBoard.xcdatamodel; sourceTree = "<group>"; };
		A976C8602818E5DC0083D8C6 /* VBoardTests.xctest */ = {isa = PBXFileReference; explicitFileType = wrapper.cfbundle; includeInIndex = 0; path = VBoardTests.xctest; sourceTree = BUILT_PRODUCTS_DIR; };
		A976C8642818E5DC0083D8C6 /* VBoardTests.swift */ = {isa = PBXFileReference; lastKnownFileType = sourcecode.swift; path = VBoardTests.swift; sourceTree = "<group>"; };
		A976C86A2818E5DC0083D8C6 /* VBoardUITests.xctest */ = {isa = PBXFileReference; explicitFileType = wrapper.cfbundle; includeInIndex = 0; path = VBoardUITests.xctest; sourceTree = BUILT_PRODUCTS_DIR; };
		A976C86E2818E5DC0083D8C6 /* VBoardUITests.swift */ = {isa = PBXFileReference; lastKnownFileType = sourcecode.swift; path = VBoardUITests.swift; sourceTree = "<group>"; };
		A976C8702818E5DC0083D8C6 /* VBoardUITestsLaunchTests.swift */ = {isa = PBXFileReference; lastKnownFileType = sourcecode.swift; path = VBoardUITestsLaunchTests.swift; sourceTree = "<group>"; };
/* End PBXFileReference section */

/* Begin PBXFrameworksBuildPhase section */
		A976C8482818E5DB0083D8C6 /* Frameworks */ = {
			isa = PBXFrameworksBuildPhase;
			buildActionMask = 2147483647;
			files = (
			);
			runOnlyForDeploymentPostprocessing = 0;
		};
		A976C85D2818E5DC0083D8C6 /* Frameworks */ = {
			isa = PBXFrameworksBuildPhase;
			buildActionMask = 2147483647;
			files = (
			);
			runOnlyForDeploymentPostprocessing = 0;
		};
		A976C8672818E5DC0083D8C6 /* Frameworks */ = {
			isa = PBXFrameworksBuildPhase;
			buildActionMask = 2147483647;
			files = (
			);
			runOnlyForDeploymentPostprocessing = 0;
		};
/* End PBXFrameworksBuildPhase section */

/* Begin PBXGroup section */
		A976C8422818E5DB0083D8C6 = {
			isa = PBXGroup;
			children = (
				A976C84D2818E5DB0083D8C6 /* VBoard */,
				A976C8632818E5DC0083D8C6 /* VBoardTests */,
				A976C86D2818E5DC0083D8C6 /* VBoardUITests */,
				A976C84C2818E5DB0083D8C6 /* Products */,
			);
			sourceTree = "<group>";
		};
		A976C84C2818E5DB0083D8C6 /* Products */ = {
			isa = PBXGroup;
			children = (
				A976C84B2818E5DB0083D8C6 /* VBoard.app */,
				A976C8602818E5DC0083D8C6 /* VBoardTests.xctest */,
				A976C86A2818E5DC0083D8C6 /* VBoardUITests.xctest */,
			);
			name = Products;
			sourceTree = "<group>";
		};
		A976C84D2818E5DB0083D8C6 /* VBoard */ = {
			isa = PBXGroup;
			children = (
				A976C84E2818E5DB0083D8C6 /* VBoardApp.swift */,
				A976C8502818E5DB0083D8C6 /* ContentView.swift */,
				A976C8522818E5DC0083D8C6 /* Assets.xcassets */,
				A976C8572818E5DC0083D8C6 /* Persistence.swift */,
				A976C8592818E5DC0083D8C6 /* VBoard.xcdatamodeld */,
				A976C8542818E5DC0083D8C6 /* Preview Content */,
			);
			path = VBoard;
			sourceTree = "<group>";
		};
		A976C8542818E5DC0083D8C6 /* Preview Content */ = {
			isa = PBXGroup;
			children = (
				A976C8552818E5DC0083D8C6 /* Preview Assets.xcassets */,
			);
			path = "Preview Content";
			sourceTree = "<group>";
		};
		A976C8632818E5DC0083D8C6 /* VBoardTests */ = {
			isa = PBXGroup;
			children = (
				A976C8642818E5DC0083D8C6 /* VBoardTests.swift */,
			);
			path = VBoardTests;
			sourceTree = "<group>";
		};
		A976C86D2818E5DC0083D8C6 /* VBoardUITests */ = {
			isa = PBXGroup;
			children = (
				A976C86E2818E5DC0083D8C6 /* VBoardUITests.swift */,
				A976C8702818E5DC0083D8C6 /* VBoardUITestsLaunchTests.swift */,
			);
			path = VBoardUITests;
			sourceTree = "<group>";
		};
/* End PBXGroup section */

/* Begin PBXNativeTarget section */
		A976C84A2818E5DB0083D8C6 /* VBoard */ = {
			isa = PBXNativeTarget;
			buildConfigurationList = A976C8742818E5DC0083D8C6 /* Build configuration list for PBXNativeTarget "VBoard" */;
			buildPhases = (
				A976C8472818E5DB0083D8C6 /* Sources */,
				A976C8482818E5DB0083D8C6 /* Frameworks */,
				A976C8492818E5DB0083D8C6 /* Resources */,
			);
			buildRules = (
			);
			dependencies = (
			);
			name = VBoard;
			productName = VBoard;
			productReference = A976C84B2818E5DB0083D8C6 /* VBoard.app */;
			productType = "com.apple.product-type.application";
		};
		A976C85F2818E5DC0083D8C6 /* VBoardTests */ = {
			isa = PBXNativeTarget;
			buildConfigurationList = A976C8772818E5DC0083D8C6 /* Build configuration list for PBXNativeTarget "VBoardTests" */;
			buildPhases = (
				A976C85C2818E5DC0083D8C6 /* Sources */,
				A976C85D2818E5DC0083D8C6 /* Frameworks */,
				A976C85E2818E5DC0083D8C6 /* Resources */,
			);
			buildRules = (
			);
			dependencies = (
				A976C8622818E5DC0083D8C6 /* PBXTargetDependency */,
			);
			name = VBoardTests;
			productName = VBoardTests;
			productReference = A976C8602818E5DC0083D8C6 /* VBoardTests.xctest */;
			productType = "com.apple.product-type.bundle.unit-test";
		};
		A976C8692818E5DC0083D8C6 /* VBoardUITests */ = {
			isa = PBXNativeTarget;
			buildConfigurationList = A976C87A2818E5DC0083D8C6 /* Build configuration list for PBXNativeTarget "VBoardUITests" */;
			buildPhases = (
				A976C8662818E5DC0083D8C6 /* Sources */,
				A976C8672818E5DC0083D8C6 /* Frameworks */,
				A976C8682818E5DC0083D8C6 /* Resources */,
			);
			buildRules = (
			);
			dependencies = (
				A976C86C2818E5DC0083D8C6 /* PBXTargetDependency */,
			);
			name = VBoardUITests;
			productName = VBoardUITests;
			productReference = A976C86A2818E5DC0083D8C6 /* VBoardUITests.xctest */;
			productType = "com.apple.product-type.bundle.ui-testing";
		};
/* End PBXNativeTarget section */

/* Begin PBXProject section */
		A976C8432818E5DB0083D8C6 /* Project object */ = {
			isa = PBXProject;
			attributes = {
				BuildIndependentTargetsInParallel = 1;
				LastSwiftUpdateCheck = 1330;
				LastUpgradeCheck = 1330;
				TargetAttributes = {
					A976C84A2818E5DB0083D8C6 = {
						CreatedOnToolsVersion = 13.3.1;
					};
					A976C85F2818E5DC0083D8C6 = {
						CreatedOnToolsVersion = 13.3.1;
						TestTargetID = A976C84A2818E5DB0083D8C6;
					};
					A976C8692818E5DC0083D8C6 = {
						CreatedOnToolsVersion = 13.3.1;
						TestTargetID = A976C84A2818E5DB0083D8C6;
					};
				};
			};
			buildConfigurationList = A976C8462818E5DB0083D8C6 /* Build configuration list for PBXProject "VBoard" */;
			compatibilityVersion = "Xcode 13.0";
			developmentRegion = en;
			hasScannedForEncodings = 0;
			knownRegions = (
				en,
				Base,
			);
			mainGroup = A976C8422818E5DB0083D8C6;
			productRefGroup = A976C84C2818E5DB0083D8C6 /* Products */;
			projectDirPath = "";
			projectRoot = "";
			targets = (
				A976C84A2818E5DB0083D8C6 /* VBoard */,
				A976C85F2818E5DC0083D8C6 /* VBoardTests */,
				A976C8692818E5DC0083D8C6 /* VBoardUITests */,
			);
		};
/* End PBXProject section */

/* Begin PBXResourcesBuildPhase section */
		A976C8492818E5DB0083D8C6 /* Resources */ = {
			isa = PBXResourcesBuildPhase;
			buildActionMask = 2147483647;
			files = (
				A976C8562818E5DC0083D8C6 /* Preview Assets.xcassets in Resources */,
				A976C8532818E5DC0083D8C6 /* Assets.xcassets in Resources */,
			);
			runOnlyForDeploymentPostprocessing = 0;
		};
		A976C85E2818E5DC0083D8C6 /* Resources */ = {
			isa = PBXResourcesBuildPhase;
			buildActionMask = 2147483647;
			files = (
			);
			runOnlyForDeploymentPostprocessing = 0;
		};
		A976C8682818E5DC0083D8C6 /* Resources */ = {
			isa = PBXResourcesBuildPhase;
			buildActionMask = 2147483647;
			files = (
			);
			runOnlyForDeploymentPostprocessing = 0;
		};
/* End PBXResourcesBuildPhase section */

/* Begin PBXSourcesBuildPhase section */
		A976C8472818E5DB0083D8C6 /* Sources */ = {
			isa = PBXSourcesBuildPhase;
			buildActionMask = 2147483647;
			files = (
				A976C8582818E5DC0083D8C6 /* Persistence.swift in Sources */,
				A976C85B2818E5DC0083D8C6 /* VBoard.xcdatamodeld in Sources */,
				A976C8512818E5DB0083D8C6 /* ContentView.swift in Sources */,
				A976C84F2818E5DB0083D8C6 /* VBoardApp.swift in Sources */,
			);
			runOnlyForDeploymentPostprocessing = 0;
		};
		A976C85C2818E5DC0083D8C6 /* Sources */ = {
			isa = PBXSourcesBuildPhase;
			buildActionMask = 2147483647;
			files = (
				A976C8652818E5DC0083D8C6 /* VBoardTests.swift in Sources */,
			);
			runOnlyForDeploymentPostprocessing = 0;
		};
		A976C8662818E5DC0083D8C6 /* Sources */ = {
			isa = PBXSourcesBuildPhase;
			buildActionMask = 2147483647;
			files = (
				A976C8712818E5DC0083D8C6 /* VBoardUITestsLaunchTests.swift in Sources */,
				A976C86F2818E5DC0083D8C6 /* VBoardUITests.swift in Sources */,
			);
			runOnlyForDeploymentPostprocessing = 0;
		};
/* End PBXSourcesBuildPhase section */

/* Begin PBXTargetDependency section */
		A976C8622818E5DC0083D8C6 /* PBXTargetDependency */ = {
			isa = PBXTargetDependency;
			target = A976C84A2818E5DB0083D8C6 /* VBoard */;
			targetProxy = A976C8612818E5DC0083D8C6 /* PBXContainerItemProxy */;
		};
		A976C86C2818E5DC0083D8C6 /* PBXTargetDependency */ = {
			isa = PBXTargetDependency;
			target = A976C84A2818E5DB0083D8C6 /* VBoard */;
			targetProxy = A976C86B2818E5DC0083D8C6 /* PBXContainerItemProxy */;
		};
/* End PBXTargetDependency section */

/* Begin XCBuildConfiguration section */
		A976C8722818E5DC0083D8C6 /* Debug */ = {
			isa = XCBuildConfiguration;
			buildSettings = {
				ALWAYS_SEARCH_USER_PATHS = NO;
				CLANG_ANALYZER_NONNULL = YES;
				CLANG_ANALYZER_NUMBER_OBJECT_CONVERSION = YES_AGGRESSIVE;
				CLANG_CXX_LANGUAGE_STANDARD = "gnu++17";
				CLANG_ENABLE_MODULES = YES;
				CLANG_ENABLE_OBJC_ARC = YES;
				CLANG_ENABLE_OBJC_WEAK = YES;
				CLANG_WARN_BLOCK_CAPTURE_AUTORELEASING = YES;
				CLANG_WARN_BOOL_CONVERSION = YES;
				CLANG_WARN_COMMA = YES;
				CLANG_WARN_CONSTANT_CONVERSION = YES;
				CLANG_WARN_DEPRECATED_OBJC_IMPLEMENTATIONS = YES;
				CLANG_WARN_DIRECT_OBJC_ISA_USAGE = YES_ERROR;
				CLANG_WARN_DOCUMENTATION_COMMENTS = YES;
				CLANG_WARN_EMPTY_BODY = YES;
				CLANG_WARN_ENUM_CONVERSION = YES;
				CLANG_WARN_INFINITE_RECURSION = YES;
				CLANG_WARN_INT_CONVERSION = YES;
				CLANG_WARN_NON_LITERAL_NULL_CONVERSION = YES;
				CLANG_WARN_OBJC_IMPLICIT_RETAIN_SELF = YES;
				CLANG_WARN_OBJC_LITERAL_CONVERSION = YES;
				CLANG_WARN_OBJC_ROOT_CLASS = YES_ERROR;
				CLANG_WARN_QUOTED_INCLUDE_IN_FRAMEWORK_HEADER = YES;
				CLANG_WARN_RANGE_LOOP_ANALYSIS = YES;
				CLANG_WARN_STRICT_PROTOTYPES = YES;
				CLANG_WARN_SUSPICIOUS_MOVE = YES;
				CLANG_WARN_UNGUARDED_AVAILABILITY = YES_AGGRESSIVE;
				CLANG_WARN_UNREACHABLE_CODE = YES;
				CLANG_WARN__DUPLICATE_METHOD_MATCH = YES;
				COPY_PHASE_STRIP = NO;
				DEBUG_INFORMATION_FORMAT = dwarf;
				ENABLE_STRICT_OBJC_MSGSEND = YES;
				ENABLE_TESTABILITY = YES;
				GCC_C_LANGUAGE_STANDARD = gnu11;
				GCC_DYNAMIC_NO_PIC = NO;
				GCC_NO_COMMON_BLOCKS = YES;
				GCC_OPTIMIZATION_LEVEL = 0;
				GCC_PREPROCESSOR_DEFINITIONS = (
					"DEBUG=1",
					"$(inherited)",
				);
				GCC_WARN_64_TO_32_BIT_CONVERSION = YES;
				GCC_WARN_ABOUT_RETURN_TYPE = YES_ERROR;
				GCC_WARN_UNDECLARED_SELECTOR = YES;
				GCC_WARN_UNINITIALIZED_AUTOS = YES_AGGRESSIVE;
				GCC_WARN_UNUSED_FUNCTION = YES;
				GCC_WARN_UNUSED_VARIABLE = YES;
				IPHONEOS_DEPLOYMENT_TARGET = 15.4;
				MTL_ENABLE_DEBUG_INFO = INCLUDE_SOURCE;
				MTL_FAST_MATH = YES;
				ONLY_ACTIVE_ARCH = YES;
				SDKROOT = iphoneos;
				SWIFT_ACTIVE_COMPILATION_CONDITIONS = DEBUG;
				SWIFT_OPTIMIZATION_LEVEL = "-Onone";
			};
			name = Debug;
		};
		A976C8732818E5DC0083D8C6 /* Release */ = {
			isa = XCBuildConfiguration;
			buildSettings = {
				ALWAYS_SEARCH_USER_PATHS = NO;
				CLANG_ANALYZER_NONNULL = YES;
				CLANG_ANALYZER_NUMBER_OBJECT_CONVERSION = YES_AGGRESSIVE;
				CLANG_CXX_LANGUAGE_STANDARD = "gnu++17";
				CLANG_ENABLE_MODULES = YES;
				CLANG_ENABLE_OBJC_ARC = YES;
				CLANG_ENABLE_OBJC_WEAK = YES;
				CLANG_WARN_BLOCK_CAPTURE_AUTORELEASING = YES;
				CLANG_WARN_BOOL_CONVERSION = YES;
				CLANG_WARN_COMMA = YES;
				CLANG_WARN_CONSTANT_CONVERSION = YES;
				CLANG_WARN_DEPRECATED_OBJC_IMPLEMENTATIONS = YES;
				CLANG_WARN_DIRECT_OBJC_ISA_USAGE = YES_ERROR;
				CLANG_WARN_DOCUMENTATION_COMMENTS = YES;
				CLANG_WARN_EMPTY_BODY = YES;
				CLANG_WARN_ENUM_CONVERSION = YES;
				CLANG_WARN_INFINITE_RECURSION = YES;
				CLANG_WARN_INT_CONVERSION = YES;
				CLANG_WARN_NON_LITERAL_NULL_CONVERSION = YES;
				CLANG_WARN_OBJC_IMPLICIT_RETAIN_SELF = YES;
				CLANG_WARN_OBJC_LITERAL_CONVERSION = YES;
				CLANG_WARN_OBJC_ROOT_CLASS = YES_ERROR;
				CLANG_WARN_QUOTED_INCLUDE_IN_FRAMEWORK_HEADER = YES;
				CLANG_WARN_RANGE_LOOP_ANALYSIS = YES;
				CLANG_WARN_STRICT_PROTOTYPES = YES;
				CLANG_WARN_SUSPICIOUS_MOVE = YES;
				CLANG_WARN_UNGUARDED_AVAILABILITY = YES_AGGRESSIVE;
				CLANG_WARN_UNREACHABLE_CODE = YES;
				CLANG_WARN__DUPLICATE_METHOD_MATCH = YES;
				COPY_PHASE_STRIP = NO;
				DEBUG_INFORMATION_FORMAT = "dwarf-with-dsym";
				ENABLE_NS_ASSERTIONS = NO;
				ENABLE_STRICT_OBJC_MSGSEND = YES;
				GCC_C_LANGUAGE_STANDARD = gnu11;
				GCC_NO_COMMON_BLOCKS = YES;
				GCC_WARN_64_TO_32_BIT_CONVERSION = YES;
				GCC_WARN_ABOUT_RETURN_TYPE = YES_ERROR;
				GCC_WARN_UNDECLARED_SELECTOR = YES;
				GCC_WARN_UNINITIALIZED_AUTOS = YES_AGGRESSIVE;
				GCC_WARN_UNUSED_FUNCTION = YES;
				GCC_WARN_UNUSED_VARIABLE = YES;
				IPHONEOS_DEPLOYMENT_TARGET = 15.4;
				MTL_ENABLE_DEBUG_INFO = NO;
				MTL_FAST_MATH = YES;
				SDKROOT = iphoneos;
				SWIFT_COMPILATION_MODE = wholemodule;
				SWIFT_OPTIMIZATION_LEVEL = "-O";
				VALIDATE_PRODUCT = YES;
			};
			name = Release;
		};
		A976C8752818E5DC0083D8C6 /* Debug */ = {
			isa = XCBuildConfiguration;
			buildSettings = {
				ASSETCATALOG_COMPILER_APPICON_NAME = AppIcon;
				ASSETCATALOG_COMPILER_GLOBAL_ACCENT_COLOR_NAME = AccentColor;
				CODE_SIGN_STYLE = Automatic;
				CURRENT_PROJECT_VERSION = 1;
				DEVELOPMENT_ASSET_PATHS = "\"VBoard/Preview Content\"";
				ENABLE_PREVIEWS = YES;
				GENERATE_INFOPLIST_FILE = YES;
				INFOPLIST_KEY_UIApplicationSceneManifest_Generation = YES;
				INFOPLIST_KEY_UIApplicationSupportsIndirectInputEvents = YES;
				INFOPLIST_KEY_UILaunchScreen_Generation = YES;
				INFOPLIST_KEY_UISupportedInterfaceOrientations_iPad = "UIInterfaceOrientationPortrait UIInterfaceOrientationPortraitUpsideDown UIInterfaceOrientationLandscapeLeft UIInterfaceOrientationLandscapeRight";
				INFOPLIST_KEY_UISupportedInterfaceOrientations_iPhone = "UIInterfaceOrientationPortrait UIInterfaceOrientationLandscapeLeft UIInterfaceOrientationLandscapeRight";
				LD_RUNPATH_SEARCH_PATHS = (
					"$(inherited)",
					"@executable_path/Frameworks",
				);
				MARKETING_VERSION = 1.0;
				PRODUCT_BUNDLE_IDENTIFIER = kr.co.vitus.VBoard;
				PRODUCT_NAME = "$(TARGET_NAME)";
				SWIFT_EMIT_LOC_STRINGS = YES;
				SWIFT_VERSION = 5.0;
				TARGETED_DEVICE_FAMILY = "1,2";
			};
			name = Debug;
		};
		A976C8762818E5DC0083D8C6 /* Release */ = {
			isa = XCBuildConfiguration;
			buildSettings = {
				ASSETCATALOG_COMPILER_APPICON_NAME = AppIcon;
				ASSETCATALOG_COMPILER_GLOBAL_ACCENT_COLOR_NAME = AccentColor;
				CODE_SIGN_STYLE = Automatic;
				CURRENT_PROJECT_VERSION = 1;
				DEVELOPMENT_ASSET_PATHS = "\"VBoard/Preview Content\"";
				ENABLE_PREVIEWS = YES;
				GENERATE_INFOPLIST_FILE = YES;
				INFOPLIST_KEY_UIApplicationSceneManifest_Generation = YES;
				INFOPLIST_KEY_UIApplicationSupportsIndirectInputEvents = YES;
				INFOPLIST_KEY_UILaunchScreen_Generation = YES;
				INFOPLIST_KEY_UISupportedInterfaceOrientations_iPad = "UIInterfaceOrientationPortrait UIInterfaceOrientationPortraitUpsideDown UIInterfaceOrientationLandscapeLeft UIInterfaceOrientationLandscapeRight";
				INFOPLIST_KEY_UISupportedInterfaceOrientations_iPhone = "UIInterfaceOrientationPortrait UIInterfaceOrientationLandscapeLeft UIInterfaceOrientationLandscapeRight";
				LD_RUNPATH_SEARCH_PATHS = (
					"$(inherited)",
					"@executable_path/Frameworks",
				);
				MARKETING_VERSION = 1.0;
				PRODUCT_BUNDLE_IDENTIFIER = kr.co.vitus.VBoard;
				PRODUCT_NAME = "$(TARGET_NAME)";
				SWIFT_EMIT_LOC_STRINGS = YES;
				SWIFT_VERSION = 5.0;
				TARGETED_DEVICE_FAMILY = "1,2";
			};
			name = Release;
		};
		A976C8782818E5DC0083D8C6 /* Debug */ = {
			isa = XCBuildConfiguration;
			buildSettings = {
				ALWAYS_EMBED_SWIFT_STANDARD_LIBRARIES = YES;
				BUNDLE_LOADER = "$(TEST_HOST)";
				CODE_SIGN_STYLE = Automatic;
				CURRENT_PROJECT_VERSION = 1;
				GENERATE_INFOPLIST_FILE = YES;
				IPHONEOS_DEPLOYMENT_TARGET = 15.4;
				MARKETING_VERSION = 1.0;
				PRODUCT_BUNDLE_IDENTIFIER = kr.co.vitus.VBoardTests;
				PRODUCT_NAME = "$(TARGET_NAME)";
				SWIFT_EMIT_LOC_STRINGS = NO;
				SWIFT_VERSION = 5.0;
				TARGETED_DEVICE_FAMILY = "1,2";
				TEST_HOST = "$(BUILT_PRODUCTS_DIR)/VBoard.app/VBoard";
			};
			name = Debug;
		};
		A976C8792818E5DC0083D8C6 /* Release */ = {
			isa = XCBuildConfiguration;
			buildSettings = {
				ALWAYS_EMBED_SWIFT_STANDARD_LIBRARIES = YES;
				BUNDLE_LOADER = "$(TEST_HOST)";
				CODE_SIGN_STYLE = Automatic;
				CURRENT_PROJECT_VERSION = 1;
				GENERATE_INFOPLIST_FILE = YES;
				IPHONEOS_DEPLOYMENT_TARGET = 15.4;
				MARKETING_VERSION = 1.0;
				PRODUCT_BUNDLE_IDENTIFIER = kr.co.vitus.VBoardTests;
				PRODUCT_NAME = "$(TARGET_NAME)";
				SWIFT_EMIT_LOC_STRINGS = NO;
				SWIFT_VERSION = 5.0;
				TARGETED_DEVICE_FAMILY = "1,2";
				TEST_HOST = "$(BUILT_PRODUCTS_DIR)/VBoard.app/VBoard";
			};
			name = Release;
		};
		A976C87B2818E5DC0083D8C6 /* Debug */ = {
			isa = XCBuildConfiguration;
			buildSettings = {
				ALWAYS_EMBED_SWIFT_STANDARD_LIBRARIES = YES;
				CODE_SIGN_STYLE = Automatic;
				CURRENT_PROJECT_VERSION = 1;
				GENERATE_INFOPLIST_FILE = YES;
				MARKETING_VERSION = 1.0;
				PRODUCT_BUNDLE_IDENTIFIER = kr.co.vitus.VBoardUITests;
				PRODUCT_NAME = "$(TARGET_NAME)";
				SWIFT_EMIT_LOC_STRINGS = NO;
				SWIFT_VERSION = 5.0;
				TARGETED_DEVICE_FAMILY = "1,2";
				TEST_TARGET_NAME = VBoard;
			};
			name = Debug;
		};
		A976C87C2818E5DC0083D8C6 /* Release */ = {
			isa = XCBuildConfiguration;
			buildSettings = {
				ALWAYS_EMBED_SWIFT_STANDARD_LIBRARIES = YES;
				CODE_SIGN_STYLE = Automatic;
				CURRENT_PROJECT_VERSION = 1;
				GENERATE_INFOPLIST_FILE = YES;
				MARKETING_VERSION = 1.0;
				PRODUCT_BUNDLE_IDENTIFIER = kr.co.vitus.VBoardUITests;
				PRODUCT_NAME = "$(TARGET_NAME)";
				SWIFT_EMIT_LOC_STRINGS = NO;
				SWIFT_VERSION = 5.0;
				TARGETED_DEVICE_FAMILY = "1,2";
				TEST_TARGET_NAME = VBoard;
			};
			name = Release;
		};
/* End XCBuildConfiguration section */

/* Begin XCConfigurationList section */
		A976C8462818E5DB0083D8C6 /* Build configuration list for PBXProject "VBoard" */ = {
			isa = XCConfigurationList;
			buildConfigurations = (
				A976C8722818E5DC0083D8C6 /* Debug */,
				A976C8732818E5DC0083D8C6 /* Release */,
			);
			defaultConfigurationIsVisible = 0;
			defaultConfigurationName = Release;
		};
		A976C8742818E5DC0083D8C6 /* Build configuration list for PBXNativeTarget "VBoard" */ = {
			isa = XCConfigurationList;
			buildConfigurations = (
				A976C8752818E5DC0083D8C6 /* Debug */,
				A976C8762818E5DC0083D8C6 /* Release */,
			);
			defaultConfigurationIsVisible = 0;
			defaultConfigurationName = Release;
		};
		A976C8772818E5DC0083D8C6 /* Build configuration list for PBXNativeTarget "VBoardTests" */ = {
			isa = XCConfigurationList;
			buildConfigurations = (
				A976C8782818E5DC0083D8C6 /* Debug */,
				A976C8792818E5DC0083D8C6 /* Release */,
			);
			defaultConfigurationIsVisible = 0;
			defaultConfigurationName = Release;
		};
		A976C87A2818E5DC0083D8C6 /* Build configuration list for PBXNativeTarget "VBoardUITests" */ = {
			isa = XCConfigurationList;
			buildConfigurations = (
				A976C87B2818E5DC0083D8C6 /* Debug */,
				A976C87C2818E5DC0083D8C6 /* Release */,
			);
			defaultConfigurationIsVisible = 0;
			defaultConfigurationName = Release;
		};
/* End XCConfigurationList section */

/* Begin XCVersionGroup section */
		A976C8592818E5DC0083D8C6 /* VBoard.xcdatamodeld */ = {
			isa = XCVersionGroup;
			children = (
				A976C85A2818E5DC0083D8C6 /* VBoard.xcdatamodel */,
			);
			currentVersion = A976C85A2818E5DC0083D8C6 /* VBoard.xcdatamodel */;
			path = VBoard.xcdatamodeld;
			sourceTree = "<group>";
			versionGroupType = wrapper.xcdatamodel;
		};
/* End XCVersionGroup section */
	};
	rootObject = A976C8432818E5DB0083D8C6 /* Project object */;
}
