// !$*UTF8*$!
{
	archiveVersion = 1;
	classes = {
	};
	objectVersion = 55;
	objects = {

/* Begin PBXBuildFile section */
		A95DE36B28190F3000B4C86E /* BoardListView.swift in Sources */ = {isa = PBXBuildFile; fileRef = A95DE36A28190F3000B4C86E /* BoardListView.swift */; };
		A95DE36D28190F4700B4C86E /* BoardModel.swift in Sources */ = {isa = PBXBuildFile; fileRef = A95DE36C28190F4700B4C86E /* BoardModel.swift */; };
		A976C84F2818E5DB0083D8C6 /* VBoardApp.swift in Sources */ = {isa = PBXBuildFile; fileRef = A976C84E2818E5DB0083D8C6 /* VBoardApp.swift */; };
		A976C8512818E5DB0083D8C6 /* ContentView.swift in Sources */ = {isa = PBXBuildFile; fileRef = A976C8502818E5DB0083D8C6 /* ContentView.swift */; };
		A976C8532818E5DC0083D8C6 /* Assets.xcassets in Resources */ = {isa = PBXBuildFile; fileRef = A976C8522818E5DC0083D8C6 /* Assets.xcassets */; };
		A976C8562818E5DC0083D8C6 /* Preview Assets.xcassets in Resources */ = {isa = PBXBuildFile; fileRef = A976C8552818E5DC0083D8C6 /* Preview Assets.xcassets */; };
		A976C8582818E5DC0083D8C6 /* Persistence.swift in Sources */ = {isa = PBXBuildFile; fileRef = A976C8572818E5DC0083D8C6 /* Persistence.swift */; };
		A976C85B2818E5DC0083D8C6 /* VBoard.xcdatamodeld in Sources */ = {isa = PBXBuildFile; fileRef = A976C8592818E5DC0083D8C6 /* VBoard.xcdatamodeld */; };
		A976C8652818E5DC0083D8C6 /* VBoardTests.swift in Sources */ = {isa = PBXBuildFile; fileRef = A976C8642818E5DC0083D8C6 /* VBoardTests.swift */; };
		A976C86F2818E5DC0083D8C6 /* VBoardUITests.swift in Sources */ = {isa = PBXBuildFile; fileRef = A976C86E2818E5DC0083D8C6 /* VBoardUITests.swift */; };
		A976C8712818E5DC0083D8C6 /* VBoardUITestsLaunchTests.swift in Sources */ = {isa = PBXBuildFile; fileRef = A976C8702818E5DC0083D8C6 /* VBoardUITestsLaunchTests.swift */; };
		A976C87E2818E5FA0083D8C6 /* LaunchView.swift in Sources */ = {isa = PBXBuildFile; fileRef = A976C87D2818E5FA0083D8C6 /* LaunchView.swift */; };
		A976C8802818E76C0083D8C6 /* LoginView.swift in Sources */ = {isa = PBXBuildFile; fileRef = A976C87F2818E76C0083D8C6 /* LoginView.swift */; };
		A976C8842818E7880083D8C6 /* MainView.swift in Sources */ = {isa = PBXBuildFile; fileRef = A976C8832818E7880083D8C6 /* MainView.swift */; };
		A976C8862818E7A80083D8C6 /* LaunchModel.swift in Sources */ = {isa = PBXBuildFile; fileRef = A976C8852818E7A80083D8C6 /* LaunchModel.swift */; };
		A976C8892818E8380083D8C6 /* ConfigStorage.swift in Sources */ = {isa = PBXBuildFile; fileRef = A976C8882818E8380083D8C6 /* ConfigStorage.swift */; };
		A976C88C2818E8790083D8C6 /* Config+CoreDataClass.swift in Sources */ = {isa = PBXBuildFile; fileRef = A976C88A2818E8790083D8C6 /* Config+CoreDataClass.swift */; };
		A976C88D2818E8790083D8C6 /* Config+CoreDataProperties.swift in Sources */ = {isa = PBXBuildFile; fileRef = A976C88B2818E8790083D8C6 /* Config+CoreDataProperties.swift */; };
		A976C88F2818E8F00083D8C6 /* ConfigKey.swift in Sources */ = {isa = PBXBuildFile; fileRef = A976C88E2818E8F00083D8C6 /* ConfigKey.swift */; };
		A976C8922818E9D30083D8C6 /* LSSLibrary in Frameworks */ = {isa = PBXBuildFile; productRef = A976C8912818E9D30083D8C6 /* LSSLibrary */; };
		A976C8992818FA010083D8C6 /* WebPages.swift in Sources */ = {isa = PBXBuildFile; fileRef = A976C8942818FA010083D8C6 /* WebPages.swift */; };
		A976C89A2818FA010083D8C6 /* Router.swift in Sources */ = {isa = PBXBuildFile; fileRef = A976C8952818FA010083D8C6 /* Router.swift */; };
		A976C89B2818FA010083D8C6 /* AuthInterceptor.swift in Sources */ = {isa = PBXBuildFile; fileRef = A976C8962818FA010083D8C6 /* AuthInterceptor.swift */; };
		A976C89C2818FA010083D8C6 /* APIEventLogger.swift in Sources */ = {isa = PBXBuildFile; fileRef = A976C8972818FA010083D8C6 /* APIEventLogger.swift */; };
		A976C89D2818FA010083D8C6 /* APIManager.swift in Sources */ = {isa = PBXBuildFile; fileRef = A976C8982818FA010083D8C6 /* APIManager.swift */; };
		A976C89F2818FA480083D8C6 /* AppConstant.swift in Sources */ = {isa = PBXBuildFile; fileRef = A976C89E2818FA480083D8C6 /* AppConstant.swift */; };
		A98F8F76281A1ABB009413EA /* MovieView.swift in Sources */ = {isa = PBXBuildFile; fileRef = A98F8F75281A1ABB009413EA /* MovieView.swift */; };
		A98F8F78281A1B1F009413EA /* MovieModel.swift in Sources */ = {isa = PBXBuildFile; fileRef = A98F8F77281A1B1F009413EA /* MovieModel.swift */; };
		A98F8F7A281A2CAE009413EA /* MovieAPI.swift in Sources */ = {isa = PBXBuildFile; fileRef = A98F8F79281A2CAE009413EA /* MovieAPI.swift */; };
		A98F8F7D281A6A88009413EA /* BarcodeView.swift in Sources */ = {isa = PBXBuildFile; fileRef = A98F8F7C281A6A88009413EA /* BarcodeView.swift */; };
		A98F8F81281A866A009413EA /* CouponBarCodeView.swift in Sources */ = {isa = PBXBuildFile; fileRef = A98F8F80281A866A009413EA /* CouponBarCodeView.swift */; };
		A98F8F83281A86DA009413EA /* LSSButtonStyle.swift in Sources */ = {isa = PBXBuildFile; fileRef = A98F8F82281A86DA009413EA /* LSSButtonStyle.swift */; };
/* End PBXBuildFile section */

/* Begin PBXContainerItemProxy section */
		A976C8612818E5DC0083D8C6 /* PBXContainerItemProxy */ = {
			isa = PBXContainerItemProxy;
			containerPortal = A976C8432818E5DB0083D8C6 /* Project object */;
			proxyType = 1;
			remoteGlobalIDString = A976C84A2818E5DB0083D8C6;
			remoteInfo = VBoard;
		};
		A976C86B2818E5DC0083D8C6 /* PBXContainerItemProxy */ = {
			isa = PBXContainerItemProxy;
			containerPortal = A976C8432818E5DB0083D8C6 /* Project object */;
			proxyType = 1;
			remoteGlobalIDString = A976C84A2818E5DB0083D8C6;
			remoteInfo = VBoard;
		};
/* End PBXContainerItemProxy section */

/* Begin PBXFileReference section */
		A95DE36A28190F3000B4C86E /* BoardListView.swift */ = {isa = PBXFileReference; lastKnownFileType = sourcecode.swift; path = BoardListView.swift; sourceTree = "<group>"; };
		A95DE36C28190F4700B4C86E /* BoardModel.swift */ = {isa = PBXFileReference; lastKnownFileType = sourcecode.swift; path = BoardModel.swift; sourceTree = "<group>"; };
		A976C84B2818E5DB0083D8C6 /* VBoard.app */ = {isa = PBXFileReference; explicitFileType = wrapper.application; includeInIndex = 0; path = VBoard.app; sourceTree = BUILT_PRODUCTS_DIR; };
		A976C84E2818E5DB0083D8C6 /* VBoardApp.swift */ = {isa = PBXFileReference; lastKnownFileType = sourcecode.swift; path = VBoardApp.swift; sourceTree = "<group>"; };
		A976C8502818E5DB0083D8C6 /* ContentView.swift */ = {isa = PBXFileReference; lastKnownFileType = sourcecode.swift; path = ContentView.swift; sourceTree = "<group>"; };
		A976C8522818E5DC0083D8C6 /* Assets.xcassets */ = {isa = PBXFileReference; lastKnownFileType = folder.assetcatalog; path = Assets.xcassets; sourceTree = "<group>"; };
		A976C8552818E5DC0083D8C6 /* Preview Assets.xcassets */ = {isa = PBXFileReference; lastKnownFileType = folder.assetcatalog; path = "Preview Assets.xcassets"; sourceTree = "<group>"; };
		A976C8572818E5DC0083D8C6 /* Persistence.swift */ = {isa = PBXFileReference; lastKnownFileType = sourcecode.swift; path = Persistence.swift; sourceTree = "<group>"; };
		A976C85A2818E5DC0083D8C6 /* VBoard.xcdatamodel */ = {isa = PBXFileReference; lastKnownFileType = wrapper.xcdatamodel; path = VBoard.xcdatamodel; sourceTree = "<group>"; };
		A976C8602818E5DC0083D8C6 /* VBoardTests.xctest */ = {isa = PBXFileReference; explicitFileType = wrapper.cfbundle; includeInIndex = 0; path = VBoardTests.xctest; sourceTree = BUILT_PRODUCTS_DIR; };
		A976C8642818E5DC0083D8C6 /* VBoardTests.swift */ = {isa = PBXFileReference; lastKnownFileType = sourcecode.swift; path = VBoardTests.swift; sourceTree = "<group>"; };
		A976C86A2818E5DC0083D8C6 /* VBoardUITests.xctest */ = {isa = PBXFileReference; explicitFileType = wrapper.cfbundle; includeInIndex = 0; path = VBoardUITests.xctest; sourceTree = BUILT_PRODUCTS_DIR; };
		A976C86E2818E5DC0083D8C6 /* VBoardUITests.swift */ = {isa = PBXFileReference; lastKnownFileType = sourcecode.swift; path = VBoardUITests.swift; sourceTree = "<group>"; };
		A976C8702818E5DC0083D8C6 /* VBoardUITestsLaunchTests.swift */ = {isa = PBXFileReference; lastKnownFileType = sourcecode.swift; path = VBoardUITestsLaunchTests.swift; sourceTree = "<group>"; };
		A976C87D2818E5FA0083D8C6 /* LaunchView.swift */ = {isa = PBXFileReference; lastKnownFileType = sourcecode.swift; path = LaunchView.swift; sourceTree = "<group>"; };
		A976C87F2818E76C0083D8C6 /* LoginView.swift */ = {isa = PBXFileReference; lastKnownFileType = sourcecode.swift; path = LoginView.swift; sourceTree = "<group>"; };
		A976C8832818E7880083D8C6 /* MainView.swift */ = {isa = PBXFileReference; lastKnownFileType = sourcecode.swift; path = MainView.swift; sourceTree = "<group>"; };
		A976C8852818E7A80083D8C6 /* LaunchModel.swift */ = {isa = PBXFileReference; lastKnownFileType = sourcecode.swift; path = LaunchModel.swift; sourceTree = "<group>"; };
		A976C8882818E8380083D8C6 /* ConfigStorage.swift */ = {isa = PBXFileReference; fileEncoding = 4; lastKnownFileType = sourcecode.swift; path = ConfigStorage.swift; sourceTree = "<group>"; };
		A976C88A2818E8790083D8C6 /* Config+CoreDataClass.swift */ = {isa = PBXFileReference; lastKnownFileType = sourcecode.swift; path = "Config+CoreDataClass.swift"; sourceTree = "<group>"; };
		A976C88B2818E8790083D8C6 /* Config+CoreDataProperties.swift */ = {isa = PBXFileReference; lastKnownFileType = sourcecode.swift; path = "Config+CoreDataProperties.swift"; sourceTree = "<group>"; };
		A976C88E2818E8F00083D8C6 /* ConfigKey.swift */ = {isa = PBXFileReference; lastKnownFileType = sourcecode.swift; path = ConfigKey.swift; sourceTree = "<group>"; };
		A976C8942818FA010083D8C6 /* WebPages.swift */ = {isa = PBXFileReference; fileEncoding = 4; lastKnownFileType = sourcecode.swift; path = WebPages.swift; sourceTree = "<group>"; };
		A976C8952818FA010083D8C6 /* Router.swift */ = {isa = PBXFileReference; fileEncoding = 4; lastKnownFileType = sourcecode.swift; path = Router.swift; sourceTree = "<group>"; };
		A976C8962818FA010083D8C6 /* AuthInterceptor.swift */ = {isa = PBXFileReference; fileEncoding = 4; lastKnownFileType = sourcecode.swift; path = AuthInterceptor.swift; sourceTree = "<group>"; };
		A976C8972818FA010083D8C6 /* APIEventLogger.swift */ = {isa = PBXFileReference; fileEncoding = 4; lastKnownFileType = sourcecode.swift; path = APIEventLogger.swift; sourceTree = "<group>"; };
		A976C8982818FA010083D8C6 /* APIManager.swift */ = {isa = PBXFileReference; fileEncoding = 4; lastKnownFileType = sourcecode.swift; path = APIManager.swift; sourceTree = "<group>"; };
		A976C89E2818FA480083D8C6 /* AppConstant.swift */ = {isa = PBXFileReference; fileEncoding = 4; lastKnownFileType = sourcecode.swift; path = AppConstant.swift; sourceTree = "<group>"; };
		A976C8A0281904E70083D8C6 /* Info.plist */ = {isa = PBXFileReference; lastKnownFileType = text.plist; path = Info.plist; sourceTree = "<group>"; };
		A98F8F75281A1ABB009413EA /* MovieView.swift */ = {isa = PBXFileReference; lastKnownFileType = sourcecode.swift; path = MovieView.swift; sourceTree = "<group>"; };
		A98F8F77281A1B1F009413EA /* MovieModel.swift */ = {isa = PBXFileReference; lastKnownFileType = sourcecode.swift; path = MovieModel.swift; sourceTree = "<group>"; };
		A98F8F79281A2CAE009413EA /* MovieAPI.swift */ = {isa = PBXFileReference; lastKnownFileType = sourcecode.swift; path = MovieAPI.swift; sourceTree = "<group>"; };
		A98F8F7C281A6A88009413EA /* BarcodeView.swift */ = {isa = PBXFileReference; lastKnownFileType = sourcecode.swift; path = BarcodeView.swift; sourceTree = "<group>"; };
		A98F8F80281A866A009413EA /* CouponBarCodeView.swift */ = {isa = PBXFileReference; lastKnownFileType = sourcecode.swift; path = CouponBarCodeView.swift; sourceTree = "<group>"; };
		A98F8F82281A86DA009413EA /* LSSButtonStyle.swift */ = {isa = PBXFileReference; fileEncoding = 4; lastKnownFileType = sourcecode.swift; path = LSSButtonStyle.swift; sourceTree = "<group>"; };
/* End PBXFileReference section */

/* Begin PBXFrameworksBuildPhase section */
		A976C8482818E5DB0083D8C6 /* Frameworks */ = {
			isa = PBXFrameworksBuildPhase;
			buildActionMask = 2147483647;
			files = (
				A976C8922818E9D30083D8C6 /* LSSLibrary in Frameworks */,
			);
			runOnlyForDeploymentPostprocessing = 0;
		};
		A976C85D2818E5DC0083D8C6 /* Frameworks */ = {
			isa = PBXFrameworksBuildPhase;
			buildActionMask = 2147483647;
			files = (
			);
			runOnlyForDeploymentPostprocessing = 0;
		};
		A976C8672818E5DC0083D8C6 /* Frameworks */ = {
			isa = PBXFrameworksBuildPhase;
			buildActionMask = 2147483647;
			files = (
			);
			runOnlyForDeploymentPostprocessing = 0;
		};
/* End PBXFrameworksBuildPhase section */

/* Begin PBXGroup section */
		A976C8422818E5DB0083D8C6 = {
			isa = PBXGroup;
			children = (
				A976C84D2818E5DB0083D8C6 /* VBoard */,
				A976C8632818E5DC0083D8C6 /* VBoardTests */,
				A976C86D2818E5DC0083D8C6 /* VBoardUITests */,
				A976C84C2818E5DB0083D8C6 /* Products */,
			);
			sourceTree = "<group>";
		};
		A976C84C2818E5DB0083D8C6 /* Products */ = {
			isa = PBXGroup;
			children = (
				A976C84B2818E5DB0083D8C6 /* VBoard.app */,
				A976C8602818E5DC0083D8C6 /* VBoardTests.xctest */,
				A976C86A2818E5DC0083D8C6 /* VBoardUITests.xctest */,
			);
			name = Products;
			sourceTree = "<group>";
		};
		A976C84D2818E5DB0083D8C6 /* VBoard */ = {
			isa = PBXGroup;
			children = (
				A98F8F7B281A6A5D009413EA /* Barcode */,
				A98F8F74281A1AA7009413EA /* Movie */,
				A976C8A0281904E70083D8C6 /* Info.plist */,
				A976C8A128190EA40083D8C6 /* Board */,
				A976C8932818F9F20083D8C6 /* NetWork */,
				A976C8872818E8260083D8C6 /* Config */,
				A976C8822818E77B0083D8C6 /* Main */,
				A976C84E2818E5DB0083D8C6 /* VBoardApp.swift */,
				A976C87D2818E5FA0083D8C6 /* LaunchView.swift */,
				A976C8852818E7A80083D8C6 /* LaunchModel.swift */,
				A976C8812818E7700083D8C6 /* Login */,
				A976C8502818E5DB0083D8C6 /* ContentView.swift */,
				A976C8522818E5DC0083D8C6 /* Assets.xcassets */,
				A976C8572818E5DC0083D8C6 /* Persistence.swift */,
				A976C8592818E5DC0083D8C6 /* VBoard.xcdatamodeld */,
				A976C8542818E5DC0083D8C6 /* Preview Content */,
			);
			path = VBoard;
			sourceTree = "<group>";
		};
		A976C8542818E5DC0083D8C6 /* Preview Content */ = {
			isa = PBXGroup;
			children = (
				A976C8552818E5DC0083D8C6 /* Preview Assets.xcassets */,
			);
			path = "Preview Content";
			sourceTree = "<group>";
		};
		A976C8632818E5DC0083D8C6 /* VBoardTests */ = {
			isa = PBXGroup;
			children = (
				A976C8642818E5DC0083D8C6 /* VBoardTests.swift */,
			);
			path = VBoardTests;
			sourceTree = "<group>";
		};
		A976C86D2818E5DC0083D8C6 /* VBoardUITests */ = {
			isa = PBXGroup;
			children = (
				A976C86E2818E5DC0083D8C6 /* VBoardUITests.swift */,
				A976C8702818E5DC0083D8C6 /* VBoardUITestsLaunchTests.swift */,
			);
			path = VBoardUITests;
			sourceTree = "<group>";
		};
		A976C8812818E7700083D8C6 /* Login */ = {
			isa = PBXGroup;
			children = (
				A976C87F2818E76C0083D8C6 /* LoginView.swift */,
			);
			path = Login;
			sourceTree = "<group>";
		};
		A976C8822818E77B0083D8C6 /* Main */ = {
			isa = PBXGroup;
			children = (
				A976C8832818E7880083D8C6 /* MainView.swift */,
			);
			path = Main;
			sourceTree = "<group>";
		};
		A976C8872818E8260083D8C6 /* Config */ = {
			isa = PBXGroup;
			children = (
				A976C89E2818FA480083D8C6 /* AppConstant.swift */,
				A976C88A2818E8790083D8C6 /* Config+CoreDataClass.swift */,
				A976C88B2818E8790083D8C6 /* Config+CoreDataProperties.swift */,
				A976C8882818E8380083D8C6 /* ConfigStorage.swift */,
				A976C88E2818E8F00083D8C6 /* ConfigKey.swift */,
			);
			path = Config;
			sourceTree = "<group>";
		};
		A976C8932818F9F20083D8C6 /* NetWork */ = {
			isa = PBXGroup;
			children = (
				A976C8972818FA010083D8C6 /* APIEventLogger.swift */,
				A976C8982818FA010083D8C6 /* APIManager.swift */,
				A976C8962818FA010083D8C6 /* AuthInterceptor.swift */,
				A976C8952818FA010083D8C6 /* Router.swift */,
				A98F8F79281A2CAE009413EA /* MovieAPI.swift */,
				A976C8942818FA010083D8C6 /* WebPages.swift */,
			);
			path = NetWork;
			sourceTree = "<group>";
		};
		A976C8A128190EA40083D8C6 /* Board */ = {
			isa = PBXGroup;
			children = (
				A95DE36A28190F3000B4C86E /* BoardListView.swift */,
				A95DE36C28190F4700B4C86E /* BoardModel.swift */,
			);
			path = Board;
			sourceTree = "<group>";
		};
		A98F8F74281A1AA7009413EA /* Movie */ = {
			isa = PBXGroup;
			children = (
				A98F8F75281A1ABB009413EA /* MovieView.swift */,
				A98F8F77281A1B1F009413EA /* MovieModel.swift */,
			);
			path = Movie;
			sourceTree = "<group>";
		};
		A98F8F7B281A6A5D009413EA /* Barcode */ = {
			isa = PBXGroup;
			children = (
				A98F8F82281A86DA009413EA /* LSSButtonStyle.swift */,
				A98F8F7C281A6A88009413EA /* BarcodeView.swift */,
				A98F8F80281A866A009413EA /* CouponBarCodeView.swift */,
			);
			path = Barcode;
			sourceTree = "<group>";
		};
/* End PBXGroup section */

/* Begin PBXNativeTarget section */
		A976C84A2818E5DB0083D8C6 /* VBoard */ = {
			isa = PBXNativeTarget;
			buildConfigurationList = A976C8742818E5DC0083D8C6 /* Build configuration list for PBXNativeTarget "VBoard" */;
			buildPhases = (
				A976C8472818E5DB0083D8C6 /* Sources */,
				A976C8482818E5DB0083D8C6 /* Frameworks */,
				A976C8492818E5DB0083D8C6 /* Resources */,
			);
			buildRules = (
			);
			dependencies = (
			);
			name = VBoard;
			packageProductDependencies = (
				A976C8912818E9D30083D8C6 /* LSSLibrary */,
			);
			productName = VBoard;
			productReference = A976C84B2818E5DB0083D8C6 /* VBoard.app */;
			productType = "com.apple.product-type.application";
		};
		A976C85F2818E5DC0083D8C6 /* VBoardTests */ = {
			isa = PBXNativeTarget;
			buildConfigurationList = A976C8772818E5DC0083D8C6 /* Build configuration list for PBXNativeTarget "VBoardTests" */;
			buildPhases = (
				A976C85C2818E5DC0083D8C6 /* Sources */,
				A976C85D2818E5DC0083D8C6 /* Frameworks */,
				A976C85E2818E5DC0083D8C6 /* Resources */,
			);
			buildRules = (
			);
			dependencies = (
				A976C8622818E5DC0083D8C6 /* PBXTargetDependency */,
			);
			name = VBoardTests;
			productName = VBoardTests;
			productReference = A976C8602818E5DC0083D8C6 /* VBoardTests.xctest */;
			productType = "com.apple.product-type.bundle.unit-test";
		};
		A976C8692818E5DC0083D8C6 /* VBoardUITests */ = {
			isa = PBXNativeTarget;
			buildConfigurationList = A976C87A2818E5DC0083D8C6 /* Build configuration list for PBXNativeTarget "VBoardUITests" */;
			buildPhases = (
				A976C8662818E5DC0083D8C6 /* Sources */,
				A976C8672818E5DC0083D8C6 /* Frameworks */,
				A976C8682818E5DC0083D8C6 /* Resources */,
			);
			buildRules = (
			);
			dependencies = (
				A976C86C2818E5DC0083D8C6 /* PBXTargetDependency */,
			);
			name = VBoardUITests;
			productName = VBoardUITests;
			productReference = A976C86A2818E5DC0083D8C6 /* VBoardUITests.xctest */;
			productType = "com.apple.product-type.bundle.ui-testing";
		};
/* End PBXNativeTarget section */

/* Begin PBXProject section */
		A976C8432818E5DB0083D8C6 /* Project object */ = {
			isa = PBXProject;
			attributes = {
				BuildIndependentTargetsInParallel = 1;
				LastSwiftUpdateCheck = 1330;
				LastUpgradeCheck = 1330;
				TargetAttributes = {
					A976C84A2818E5DB0083D8C6 = {
						CreatedOnToolsVersion = 13.3.1;
					};
					A976C85F2818E5DC0083D8C6 = {
						CreatedOnToolsVersion = 13.3.1;
						TestTargetID = A976C84A2818E5DB0083D8C6;
					};
					A976C8692818E5DC0083D8C6 = {
						CreatedOnToolsVersion = 13.3.1;
						TestTargetID = A976C84A2818E5DB0083D8C6;
					};
				};
			};
			buildConfigurationList = A976C8462818E5DB0083D8C6 /* Build configuration list for PBXProject "VBoard" */;
			compatibilityVersion = "Xcode 13.0";
			developmentRegion = en;
			hasScannedForEncodings = 0;
			knownRegions = (
				en,
				Base,
			);
			mainGroup = A976C8422818E5DB0083D8C6;
			packageReferences = (
				A976C8902818E9D30083D8C6 /* XCRemoteSwiftPackageReference "LSSLibrary" */,
			);
			productRefGroup = A976C84C2818E5DB0083D8C6 /* Products */;
			projectDirPath = "";
			projectRoot = "";
			targets = (
				A976C84A2818E5DB0083D8C6 /* VBoard */,
				A976C85F2818E5DC0083D8C6 /* VBoardTests */,
				A976C8692818E5DC0083D8C6 /* VBoardUITests */,
			);
		};
/* End PBXProject section */

/* Begin PBXResourcesBuildPhase section */
		A976C8492818E5DB0083D8C6 /* Resources */ = {
			isa = PBXResourcesBuildPhase;
			buildActionMask = 2147483647;
			files = (
				A976C8562818E5DC0083D8C6 /* Preview Assets.xcassets in Resources */,
				A976C8532818E5DC0083D8C6 /* Assets.xcassets in Resources */,
			);
			runOnlyForDeploymentPostprocessing = 0;
		};
		A976C85E2818E5DC0083D8C6 /* Resources */ = {
			isa = PBXResourcesBuildPhase;
			buildActionMask = 2147483647;
			files = (
			);
			runOnlyForDeploymentPostprocessing = 0;
		};
		A976C8682818E5DC0083D8C6 /* Resources */ = {
			isa = PBXResourcesBuildPhase;
			buildActionMask = 2147483647;
			files = (
			);
			runOnlyForDeploymentPostprocessing = 0;
		};
/* End PBXResourcesBuildPhase section */

/* Begin PBXSourcesBuildPhase section */
		A976C8472818E5DB0083D8C6 /* Sources */ = {
			isa = PBXSourcesBuildPhase;
			buildActionMask = 2147483647;
			files = (
				A98F8F83281A86DA009413EA /* LSSButtonStyle.swift in Sources */,
				A98F8F78281A1B1F009413EA /* MovieModel.swift in Sources */,
				A98F8F7A281A2CAE009413EA /* MovieAPI.swift in Sources */,
				A976C8862818E7A80083D8C6 /* LaunchModel.swift in Sources */,
				A976C8892818E8380083D8C6 /* ConfigStorage.swift in Sources */,
				A976C8992818FA010083D8C6 /* WebPages.swift in Sources */,
				A976C8802818E76C0083D8C6 /* LoginView.swift in Sources */,
				A976C8842818E7880083D8C6 /* MainView.swift in Sources */,
				A976C88D2818E8790083D8C6 /* Config+CoreDataProperties.swift in Sources */,
				A95DE36B28190F3000B4C86E /* BoardListView.swift in Sources */,
				A976C88F2818E8F00083D8C6 /* ConfigKey.swift in Sources */,
				A95DE36D28190F4700B4C86E /* BoardModel.swift in Sources */,
				A976C8582818E5DC0083D8C6 /* Persistence.swift in Sources */,
				A976C87E2818E5FA0083D8C6 /* LaunchView.swift in Sources */,
				A976C89F2818FA480083D8C6 /* AppConstant.swift in Sources */,
				A976C85B2818E5DC0083D8C6 /* VBoard.xcdatamodeld in Sources */,
				A976C89A2818FA010083D8C6 /* Router.swift in Sources */,
				A976C89C2818FA010083D8C6 /* APIEventLogger.swift in Sources */,
				A976C89D2818FA010083D8C6 /* APIManager.swift in Sources */,
				A98F8F76281A1ABB009413EA /* MovieView.swift in Sources */,
				A976C8512818E5DB0083D8C6 /* ContentView.swift in Sources */,
				A976C89B2818FA010083D8C6 /* AuthInterceptor.swift in Sources */,
				A976C84F2818E5DB0083D8C6 /* VBoardApp.swift in Sources */,
				A976C88C2818E8790083D8C6 /* Config+CoreDataClass.swift in Sources */,
				A98F8F7D281A6A88009413EA /* BarcodeView.swift in Sources */,
				A98F8F81281A866A009413EA /* CouponBarCodeView.swift in Sources */,
			);
			runOnlyForDeploymentPostprocessing = 0;
		};
		A976C85C2818E5DC0083D8C6 /* Sources */ = {
			isa = PBXSourcesBuildPhase;
			buildActionMask = 2147483647;
			files = (
				A976C8652818E5DC0083D8C6 /* VBoardTests.swift in Sources */,
			);
			runOnlyForDeploymentPostprocessing = 0;
		};
		A976C8662818E5DC0083D8C6 /* Sources */ = {
			isa = PBXSourcesBuildPhase;
			buildActionMask = 2147483647;
			files = (
				A976C8712818E5DC0083D8C6 /* VBoardUITestsLaunchTests.swift in Sources */,
				A976C86F2818E5DC0083D8C6 /* VBoardUITests.swift in Sources */,
			);
			runOnlyForDeploymentPostprocessing = 0;
		};
/* End PBXSourcesBuildPhase section */

/* Begin PBXTargetDependency section */
		A976C8622818E5DC0083D8C6 /* PBXTargetDependency */ = {
			isa = PBXTargetDependency;
			target = A976C84A2818E5DB0083D8C6 /* VBoard */;
			targetProxy = A976C8612818E5DC0083D8C6 /* PBXContainerItemProxy */;
		};
		A976C86C2818E5DC0083D8C6 /* PBXTargetDependency */ = {
			isa = PBXTargetDependency;
			target = A976C84A2818E5DB0083D8C6 /* VBoard */;
			targetProxy = A976C86B2818E5DC0083D8C6 /* PBXContainerItemProxy */;
		};
/* End PBXTargetDependency section */

/* Begin XCBuildConfiguration section */
		A976C8722818E5DC0083D8C6 /* Debug */ = {
			isa = XCBuildConfiguration;
			buildSettings = {
				ALWAYS_SEARCH_USER_PATHS = NO;
				CLANG_ANALYZER_NONNULL = YES;
				CLANG_ANALYZER_NUMBER_OBJECT_CONVERSION = YES_AGGRESSIVE;
				CLANG_CXX_LANGUAGE_STANDARD = "gnu++17";
				CLANG_ENABLE_MODULES = YES;
				CLANG_ENABLE_OBJC_ARC = YES;
				CLANG_ENABLE_OBJC_WEAK = YES;
				CLANG_WARN_BLOCK_CAPTURE_AUTORELEASING = YES;
				CLANG_WARN_BOOL_CONVERSION = YES;
				CLANG_WARN_COMMA = YES;
				CLANG_WARN_CONSTANT_CONVERSION = YES;
				CLANG_WARN_DEPRECATED_OBJC_IMPLEMENTATIONS = YES;
				CLANG_WARN_DIRECT_OBJC_ISA_USAGE = YES_ERROR;
				CLANG_WARN_DOCUMENTATION_COMMENTS = YES;
				CLANG_WARN_EMPTY_BODY = YES;
				CLANG_WARN_ENUM_CONVERSION = YES;
				CLANG_WARN_INFINITE_RECURSION = YES;
				CLANG_WARN_INT_CONVERSION = YES;
				CLANG_WARN_NON_LITERAL_NULL_CONVERSION = YES;
				CLANG_WARN_OBJC_IMPLICIT_RETAIN_SELF = YES;
				CLANG_WARN_OBJC_LITERAL_CONVERSION = YES;
				CLANG_WARN_OBJC_ROOT_CLASS = YES_ERROR;
				CLANG_WARN_QUOTED_INCLUDE_IN_FRAMEWORK_HEADER = YES;
				CLANG_WARN_RANGE_LOOP_ANALYSIS = YES;
				CLANG_WARN_STRICT_PROTOTYPES = YES;
				CLANG_WARN_SUSPICIOUS_MOVE = YES;
				CLANG_WARN_UNGUARDED_AVAILABILITY = YES_AGGRESSIVE;
				CLANG_WARN_UNREACHABLE_CODE = YES;
				CLANG_WARN__DUPLICATE_METHOD_MATCH = YES;
				COPY_PHASE_STRIP = NO;
				DEBUG_INFORMATION_FORMAT = dwarf;
				ENABLE_STRICT_OBJC_MSGSEND = YES;
				ENABLE_TESTABILITY = YES;
				GCC_C_LANGUAGE_STANDARD = gnu11;
				GCC_DYNAMIC_NO_PIC = NO;
				GCC_NO_COMMON_BLOCKS = YES;
				GCC_OPTIMIZATION_LEVEL = 0;
				GCC_PREPROCESSOR_DEFINITIONS = (
					"DEBUG=1",
					"$(inherited)",
				);
				GCC_WARN_64_TO_32_BIT_CONVERSION = YES;
				GCC_WARN_ABOUT_RETURN_TYPE = YES_ERROR;
				GCC_WARN_UNDECLARED_SELECTOR = YES;
				GCC_WARN_UNINITIALIZED_AUTOS = YES_AGGRESSIVE;
				GCC_WARN_UNUSED_FUNCTION = YES;
				GCC_WARN_UNUSED_VARIABLE = YES;
				IPHONEOS_DEPLOYMENT_TARGET = 15.4;
				MTL_ENABLE_DEBUG_INFO = INCLUDE_SOURCE;
				MTL_FAST_MATH = YES;
				ONLY_ACTIVE_ARCH = YES;
				SDKROOT = iphoneos;
				SWIFT_ACTIVE_COMPILATION_CONDITIONS = DEBUG;
				SWIFT_OPTIMIZATION_LEVEL = "-Onone";
			};
			name = Debug;
		};
		A976C8732818E5DC0083D8C6 /* Release */ = {
			isa = XCBuildConfiguration;
			buildSettings = {
				ALWAYS_SEARCH_USER_PATHS = NO;
				CLANG_ANALYZER_NONNULL = YES;
				CLANG_ANALYZER_NUMBER_OBJECT_CONVERSION = YES_AGGRESSIVE;
				CLANG_CXX_LANGUAGE_STANDARD = "gnu++17";
				CLANG_ENABLE_MODULES = YES;
				CLANG_ENABLE_OBJC_ARC = YES;
				CLANG_ENABLE_OBJC_WEAK = YES;
				CLANG_WARN_BLOCK_CAPTURE_AUTORELEASING = YES;
				CLANG_WARN_BOOL_CONVERSION = YES;
				CLANG_WARN_COMMA = YES;
				CLANG_WARN_CONSTANT_CONVERSION = YES;
				CLANG_WARN_DEPRECATED_OBJC_IMPLEMENTATIONS = YES;
				CLANG_WARN_DIRECT_OBJC_ISA_USAGE = YES_ERROR;
				CLANG_WARN_DOCUMENTATION_COMMENTS = YES;
				CLANG_WARN_EMPTY_BODY = YES;
				CLANG_WARN_ENUM_CONVERSION = YES;
				CLANG_WARN_INFINITE_RECURSION = YES;
				CLANG_WARN_INT_CONVERSION = YES;
				CLANG_WARN_NON_LITERAL_NULL_CONVERSION = YES;
				CLANG_WARN_OBJC_IMPLICIT_RETAIN_SELF = YES;
				CLANG_WARN_OBJC_LITERAL_CONVERSION = YES;
				CLANG_WARN_OBJC_ROOT_CLASS = YES_ERROR;
				CLANG_WARN_QUOTED_INCLUDE_IN_FRAMEWORK_HEADER = YES;
				CLANG_WARN_RANGE_LOOP_ANALYSIS = YES;
				CLANG_WARN_STRICT_PROTOTYPES = YES;
				CLANG_WARN_SUSPICIOUS_MOVE = YES;
				CLANG_WARN_UNGUARDED_AVAILABILITY = YES_AGGRESSIVE;
				CLANG_WARN_UNREACHABLE_CODE = YES;
				CLANG_WARN__DUPLICATE_METHOD_MATCH = YES;
				COPY_PHASE_STRIP = NO;
				DEBUG_INFORMATION_FORMAT = "dwarf-with-dsym";
				ENABLE_NS_ASSERTIONS = NO;
				ENABLE_STRICT_OBJC_MSGSEND = YES;
				GCC_C_LANGUAGE_STANDARD = gnu11;
				GCC_NO_COMMON_BLOCKS = YES;
				GCC_WARN_64_TO_32_BIT_CONVERSION = YES;
				GCC_WARN_ABOUT_RETURN_TYPE = YES_ERROR;
				GCC_WARN_UNDECLARED_SELECTOR = YES;
				GCC_WARN_UNINITIALIZED_AUTOS = YES_AGGRESSIVE;
				GCC_WARN_UNUSED_FUNCTION = YES;
				GCC_WARN_UNUSED_VARIABLE = YES;
				IPHONEOS_DEPLOYMENT_TARGET = 15.4;
				MTL_ENABLE_DEBUG_INFO = NO;
				MTL_FAST_MATH = YES;
				SDKROOT = iphoneos;
				SWIFT_COMPILATION_MODE = wholemodule;
				SWIFT_OPTIMIZATION_LEVEL = "-O";
				VALIDATE_PRODUCT = YES;
			};
			name = Release;
		};
		A976C8752818E5DC0083D8C6 /* Debug */ = {
			isa = XCBuildConfiguration;
			buildSettings = {
				ASSETCATALOG_COMPILER_APPICON_NAME = AppIcon;
				ASSETCATALOG_COMPILER_GLOBAL_ACCENT_COLOR_NAME = AccentColor;
				CODE_SIGN_STYLE = Automatic;
				CURRENT_PROJECT_VERSION = 1;
				DEVELOPMENT_ASSET_PATHS = "\"VBoard/Preview Content\"";
				DEVELOPMENT_TEAM = HA4DY673VG;
				ENABLE_PREVIEWS = YES;
				GENERATE_INFOPLIST_FILE = YES;
				INFOPLIST_FILE = VBoard/Info.plist;
				INFOPLIST_KEY_UIApplicationSceneManifest_Generation = YES;
				INFOPLIST_KEY_UIApplicationSupportsIndirectInputEvents = YES;
				INFOPLIST_KEY_UILaunchScreen_Generation = YES;
				INFOPLIST_KEY_UISupportedInterfaceOrientations_iPad = "UIInterfaceOrientationPortrait UIInterfaceOrientationPortraitUpsideDown UIInterfaceOrientationLandscapeLeft UIInterfaceOrientationLandscapeRight";
				INFOPLIST_KEY_UISupportedInterfaceOrientations_iPhone = "UIInterfaceOrientationPortrait UIInterfaceOrientationLandscapeLeft UIInterfaceOrientationLandscapeRight";
				LD_RUNPATH_SEARCH_PATHS = (
					"$(inherited)",
					"@executable_path/Frameworks",
				);
				MARKETING_VERSION = 1.0;
				PRODUCT_BUNDLE_IDENTIFIER = kr.co.vitus.VBoard;
				PRODUCT_NAME = "$(TARGET_NAME)";
				SWIFT_EMIT_LOC_STRINGS = YES;
				SWIFT_VERSION = 5.0;
				TARGETED_DEVICE_FAMILY = "1,2";
			};
			name = Debug;
		};
		A976C8762818E5DC0083D8C6 /* Release */ = {
			isa = XCBuildConfiguration;
			buildSettings = {
				ASSETCATALOG_COMPILER_APPICON_NAME = AppIcon;
				ASSETCATALOG_COMPILER_GLOBAL_ACCENT_COLOR_NAME = AccentColor;
				CODE_SIGN_STYLE = Automatic;
				CURRENT_PROJECT_VERSION = 1;
				DEVELOPMENT_ASSET_PATHS = "\"VBoard/Preview Content\"";
				DEVELOPMENT_TEAM = HA4DY673VG;
				ENABLE_PREVIEWS = YES;
				GENERATE_INFOPLIST_FILE = YES;
				INFOPLIST_FILE = VBoard/Info.plist;
				INFOPLIST_KEY_UIApplicationSceneManifest_Generation = YES;
				INFOPLIST_KEY_UIApplicationSupportsIndirectInputEvents = YES;
				INFOPLIST_KEY_UILaunchScreen_Generation = YES;
				INFOPLIST_KEY_UISupportedInterfaceOrientations_iPad = "UIInterfaceOrientationPortrait UIInterfaceOrientationPortraitUpsideDown UIInterfaceOrientationLandscapeLeft UIInterfaceOrientationLandscapeRight";
				INFOPLIST_KEY_UISupportedInterfaceOrientations_iPhone = "UIInterfaceOrientationPortrait UIInterfaceOrientationLandscapeLeft UIInterfaceOrientationLandscapeRight";
				LD_RUNPATH_SEARCH_PATHS = (
					"$(inherited)",
					"@executable_path/Frameworks",
				);
				MARKETING_VERSION = 1.0;
				PRODUCT_BUNDLE_IDENTIFIER = kr.co.vitus.VBoard;
				PRODUCT_NAME = "$(TARGET_NAME)";
				SWIFT_EMIT_LOC_STRINGS = YES;
				SWIFT_VERSION = 5.0;
				TARGETED_DEVICE_FAMILY = "1,2";
			};
			name = Release;
		};
		A976C8782818E5DC0083D8C6 /* Debug */ = {
			isa = XCBuildConfiguration;
			buildSettings = {
				ALWAYS_EMBED_SWIFT_STANDARD_LIBRARIES = YES;
				BUNDLE_LOADER = "$(TEST_HOST)";
				CODE_SIGN_STYLE = Automatic;
				CURRENT_PROJECT_VERSION = 1;
				GENERATE_INFOPLIST_FILE = YES;
				IPHONEOS_DEPLOYMENT_TARGET = 15.4;
				MARKETING_VERSION = 1.0;
				PRODUCT_BUNDLE_IDENTIFIER = kr.co.vitus.VBoardTests;
				PRODUCT_NAME = "$(TARGET_NAME)";
				SWIFT_EMIT_LOC_STRINGS = NO;
				SWIFT_VERSION = 5.0;
				TARGETED_DEVICE_FAMILY = "1,2";
				TEST_HOST = "$(BUILT_PRODUCTS_DIR)/VBoard.app/VBoard";
			};
			name = Debug;
		};
		A976C8792818E5DC0083D8C6 /* Release */ = {
			isa = XCBuildConfiguration;
			buildSettings = {
				ALWAYS_EMBED_SWIFT_STANDARD_LIBRARIES = YES;
				BUNDLE_LOADER = "$(TEST_HOST)";
				CODE_SIGN_STYLE = Automatic;
				CURRENT_PROJECT_VERSION = 1;
				GENERATE_INFOPLIST_FILE = YES;
				IPHONEOS_DEPLOYMENT_TARGET = 15.4;
				MARKETING_VERSION = 1.0;
				PRODUCT_BUNDLE_IDENTIFIER = kr.co.vitus.VBoardTests;
				PRODUCT_NAME = "$(TARGET_NAME)";
				SWIFT_EMIT_LOC_STRINGS = NO;
				SWIFT_VERSION = 5.0;
				TARGETED_DEVICE_FAMILY = "1,2";
				TEST_HOST = "$(BUILT_PRODUCTS_DIR)/VBoard.app/VBoard";
			};
			name = Release;
		};
		A976C87B2818E5DC0083D8C6 /* Debug */ = {
			isa = XCBuildConfiguration;
			buildSettings = {
				ALWAYS_EMBED_SWIFT_STANDARD_LIBRARIES = YES;
				CODE_SIGN_STYLE = Automatic;
				CURRENT_PROJECT_VERSION = 1;
				GENERATE_INFOPLIST_FILE = YES;
				MARKETING_VERSION = 1.0;
				PRODUCT_BUNDLE_IDENTIFIER = kr.co.vitus.VBoardUITests;
				PRODUCT_NAME = "$(TARGET_NAME)";
				SWIFT_EMIT_LOC_STRINGS = NO;
				SWIFT_VERSION = 5.0;
				TARGETED_DEVICE_FAMILY = "1,2";
				TEST_TARGET_NAME = VBoard;
			};
			name = Debug;
		};
		A976C87C2818E5DC0083D8C6 /* Release */ = {
			isa = XCBuildConfiguration;
			buildSettings = {
				ALWAYS_EMBED_SWIFT_STANDARD_LIBRARIES = YES;
				CODE_SIGN_STYLE = Automatic;
				CURRENT_PROJECT_VERSION = 1;
				GENERATE_INFOPLIST_FILE = YES;
				MARKETING_VERSION = 1.0;
				PRODUCT_BUNDLE_IDENTIFIER = kr.co.vitus.VBoardUITests;
				PRODUCT_NAME = "$(TARGET_NAME)";
				SWIFT_EMIT_LOC_STRINGS = NO;
				SWIFT_VERSION = 5.0;
				TARGETED_DEVICE_FAMILY = "1,2";
				TEST_TARGET_NAME = VBoard;
			};
			name = Release;
		};
/* End XCBuildConfiguration section */

/* Begin XCConfigurationList section */
		A976C8462818E5DB0083D8C6 /* Build configuration list for PBXProject "VBoard" */ = {
			isa = XCConfigurationList;
			buildConfigurations = (
				A976C8722818E5DC0083D8C6 /* Debug */,
				A976C8732818E5DC0083D8C6 /* Release */,
			);
			defaultConfigurationIsVisible = 0;
			defaultConfigurationName = Release;
		};
		A976C8742818E5DC0083D8C6 /* Build configuration list for PBXNativeTarget "VBoard" */ = {
			isa = XCConfigurationList;
			buildConfigurations = (
				A976C8752818E5DC0083D8C6 /* Debug */,
				A976C8762818E5DC0083D8C6 /* Release */,
			);
			defaultConfigurationIsVisible = 0;
			defaultConfigurationName = Release;
		};
		A976C8772818E5DC0083D8C6 /* Build configuration list for PBXNativeTarget "VBoardTests" */ = {
			isa = XCConfigurationList;
			buildConfigurations = (
				A976C8782818E5DC0083D8C6 /* Debug */,
				A976C8792818E5DC0083D8C6 /* Release */,
			);
			defaultConfigurationIsVisible = 0;
			defaultConfigurationName = Release;
		};
		A976C87A2818E5DC0083D8C6 /* Build configuration list for PBXNativeTarget "VBoardUITests" */ = {
			isa = XCConfigurationList;
			buildConfigurations = (
				A976C87B2818E5DC0083D8C6 /* Debug */,
				A976C87C2818E5DC0083D8C6 /* Release */,
			);
			defaultConfigurationIsVisible = 0;
			defaultConfigurationName = Release;
		};
/* End XCConfigurationList section */

/* Begin XCRemoteSwiftPackageReference section */
		A976C8902818E9D30083D8C6 /* XCRemoteSwiftPackageReference "LSSLibrary" */ = {
			isa = XCRemoteSwiftPackageReference;
			repositoryURL = "https://github.com/vituscokr/LSSLibrary.git";
			requirement = {
				branch = master;
				kind = branch;
			};
		};
/* End XCRemoteSwiftPackageReference section */

/* Begin XCSwiftPackageProductDependency section */
		A976C8912818E9D30083D8C6 /* LSSLibrary */ = {
			isa = XCSwiftPackageProductDependency;
			package = A976C8902818E9D30083D8C6 /* XCRemoteSwiftPackageReference "LSSLibrary" */;
			productName = LSSLibrary;
		};
/* End XCSwiftPackageProductDependency section */

/* Begin XCVersionGroup section */
		A976C8592818E5DC0083D8C6 /* VBoard.xcdatamodeld */ = {
			isa = XCVersionGroup;
			children = (
				A976C85A2818E5DC0083D8C6 /* VBoard.xcdatamodel */,
			);
			currentVersion = A976C85A2818E5DC0083D8C6 /* VBoard.xcdatamodel */;
			path = VBoard.xcdatamodeld;
			sourceTree = "<group>";
			versionGroupType = wrapper.xcdatamodel;
		};
/* End XCVersionGroup section */
	};
	rootObject = A976C8432818E5DB0083D8C6 /* Project object */;
}
